<Project xmlns="http://schemas.microsoft.com/developer/msbuild/2003">
    <PropertyGroup>
        <ProjectGuid>{93E0E16A-8999-4348-8EAB-CA3AEDF9C001}</ProjectGuid>
        <ProjectVersion>14.6</ProjectVersion>
        <FrameworkType>None</FrameworkType>
        <MainSource>gkz_ci.dpr</MainSource>
        <Base>True</Base>
        <Config Condition="'$(Config)'==''">Debug</Config>
        <Platform Condition="'$(Platform)'==''">Win32</Platform>
        <TargetedPlatforms>1</TargetedPlatforms>
        <AppType>Library</AppType>
    </PropertyGroup>
    <PropertyGroup Condition="'$(Config)'=='Base' or '$(Base)'!=''">
        <Base>true</Base>
    </PropertyGroup>
    <PropertyGroup Condition="('$(Platform)'=='OSX32' and '$(Base)'=='true') or '$(Base_OSX32)'!=''">
        <Base_OSX32>true</Base_OSX32>
        <CfgParent>Base</CfgParent>
        <Base>true</Base>
    </PropertyGroup>
    <PropertyGroup Condition="('$(Platform)'=='Win32' and '$(Base)'=='true') or '$(Base_Win32)'!=''">
        <Base_Win32>true</Base_Win32>
        <CfgParent>Base</CfgParent>
        <Base>true</Base>
    </PropertyGroup>
    <PropertyGroup Condition="('$(Platform)'=='Win64' and '$(Base)'=='true') or '$(Base_Win64)'!=''">
        <Base_Win64>true</Base_Win64>
        <CfgParent>Base</CfgParent>
        <Base>true</Base>
    </PropertyGroup>
    <PropertyGroup Condition="'$(Config)'=='Debug' or '$(Cfg_1)'!=''">
        <Cfg_1>true</Cfg_1>
        <CfgParent>Base</CfgParent>
        <Base>true</Base>
    </PropertyGroup>
    <PropertyGroup Condition="('$(Platform)'=='Win32' and '$(Cfg_1)'=='true') or '$(Cfg_1_Win32)'!=''">
        <Cfg_1_Win32>true</Cfg_1_Win32>
        <CfgParent>Cfg_1</CfgParent>
        <Cfg_1>true</Cfg_1>
        <Base>true</Base>
    </PropertyGroup>
    <PropertyGroup Condition="'$(Config)'=='Release' or '$(Cfg_2)'!=''">
        <Cfg_2>true</Cfg_2>
        <CfgParent>Base</CfgParent>
        <Base>true</Base>
    </PropertyGroup>
    <PropertyGroup Condition="('$(Platform)'=='Win32' and '$(Cfg_2)'=='true') or '$(Cfg_2_Win32)'!=''">
        <Cfg_2_Win32>true</Cfg_2_Win32>
        <CfgParent>Cfg_2</CfgParent>
        <Cfg_2>true</Cfg_2>
        <Base>true</Base>
    </PropertyGroup>
    <PropertyGroup Condition="'$(Base)'!=''">
        <VerInfo_AutoIncVersion>true</VerInfo_AutoIncVersion>
        <VerInfo_Keys>CompanyName=Горный институт КНЦ РАН;FileDescription=Система автоматизированного планирования, проектирования и сопровождения горных работ;FileVersion=1.0.0.0;InternalName=pimcuci.dll;LegalCopyright=Горный институт КНЦ РАН;LegalTrademarks=;OriginalFilename=pimcuci.dll;ProductName=MINEFRAME SYSTEM;ProductVersion=7.0.0.0;Comments=pimcuci.dll</VerInfo_Keys>
        <Manifest_File>None</Manifest_File>
        <DCC_Namespace>System;Xml;Data;Datasnap;Web;Soap;$(DCC_Namespace)</DCC_Namespace>
        <VerInfo_Locale>1049</VerInfo_Locale>
        <GenDll>true</GenDll>
        <DCC_DcuOutput>.\</DCC_DcuOutput>
        <DCC_ExeOutput>.\</DCC_ExeOutput>
        <DCC_E>false</DCC_E>
        <DCC_N>false</DCC_N>
        <DCC_S>false</DCC_S>
        <DCC_F>false</DCC_F>
        <DCC_K>false</DCC_K>
    </PropertyGroup>
    <PropertyGroup Condition="'$(Base_OSX32)'!=''">
        <DCC_UsePackage>IndyIPClient;AnyDAC_PhysADS_D18;AnyDAC_PhysODBC_D18;AnyDAC_GUIxForms_D18;DBXSqliteDriver;AnyDAC_ComI_D18;AnyDAC_PhysTDBX_D18;fmx;IndySystem;AnyDAC_PhysIB_D18;DBXInterBaseDriver;DataSnapClient;DataSnapCommon;DataSnapServer;DataSnapProviderClient;DbxCommonDriver;dbxcds;AnyDAC_PhysMSAcc_D18;DBXOracleDriver;CustomIPTransport;dsnap;IndyIPServer;AnyDAC_PhysPg_D18;fmxase;IndyCore;IndyIPCommon;CloudService;FmxTeeUI;AnyDAC_PhysMSSQL_D18;AnyDAC_PhysOracle_D18;inetdbxpress;AnyDAC_PhysMySQL_D18;AnyDAC_Phys_D18;AnyDAC_Comp_D18;bindcompfmx;rtl;dbrtl;DbxClientDriver;bindcomp;inetdb;xmlrtl;ibxpress;IndyProtocols;DBXMySQLDriver;bindengine;soaprtl;bindcompdbx;FMXTee;AnyDAC_PhysASA_D18;DBXInformixDriver;DBXFirebirdDriver;AnyDAC_PhysSQLITE_D18;inet;fmxobj;DBXSybaseASADriver;fmxdae;dbexpress;DataSnapIndy10ServerTransport;AnyDAC_PhysDb2_D18;$(DCC_UsePackage)</DCC_UsePackage>
    </PropertyGroup>
    <PropertyGroup Condition="'$(Base_Win32)'!=''">
        <DCC_Namespace>Winapi;System.Win;Data.Win;Datasnap.Win;Web.Win;Soap.Win;Xml.Win;Bde;$(DCC_Namespace)</DCC_Namespace>
        <DCC_UsePackage>IndyIPClient;AnyDAC_PhysADS_D18;AnyDAC_PhysODBC_D18;AnyDAC_GUIxForms_D18;DBXSqliteDriver;frxDB18;AnyDAC_ComI_D18;AnyDAC_PhysTDBX_D18;fmx;IndySystem;TeeDB;frx18;AnyDAC_PhysIB_D18;inetdbbde;vclib;DBXInterBaseDriver;DataSnapClient;DataSnapCommon;DataSnapServer;DataSnapProviderClient;DBXSybaseASEDriver;DbxCommonDriver;vclimg;dbxcds;DatasnapConnectorsFreePascal;MetropolisUILiveTile;vcldb;vcldsnap;AnyDAC_PhysMSAcc_D18;DBXDb2Driver;DBXOracleDriver;CustomIPTransport;vclribbon;dsnap;IndyIPServer;AnyDAC_PhysPg_D18;fmxase;vcl;IndyCore;IndyIPCommon;CloudService;DBXMSSQLDriver;FmxTeeUI;CodeSiteExpressPkg;AnyDAC_PhysMSSQL_D18;AnyDAC_PhysOracle_D18;inetdbxpress;webdsnap;AnyDAC_PhysMySQL_D18;PTrackBarPr;adortl;AnyDAC_Phys_D18;AnyDAC_Comp_D18;bindcompfmx;vcldbx;rtl;dbrtl;DbxClientDriver;bindcomp;inetdb;Tee;DBXOdbcDriver;xmlrtl;svnui;ibxpress;IndyProtocols;DBXMySQLDriver;frxe18;vclactnband;bindengine;soaprtl;bindcompdbx;FMXTee;TeeUI;bindcompvcl;vclie;vcltouch;AnyDAC_PhysASA_D18;Component;VclSmp;DBXInformixDriver;Intraweb;DataSnapConnectors;dsnapcon;DBXFirebirdDriver;AnyDAC_PhysSQLITE_D18;inet;fmxobj;vclx;svn;DBXSybaseASADriver;fmxdae;bdertl;VirtualTreesR;dbexpress;DataSnapIndy10ServerTransport;EurekaLogCore;AnyDAC_PhysDb2_D18;$(DCC_UsePackage)</DCC_UsePackage>
        <VerInfo_Locale>1033</VerInfo_Locale>
        <VerInfo_Keys>CompanyName=;FileDescription=;FileVersion=1.0.0.0;InternalName=;LegalCopyright=;LegalTrademarks=;OriginalFilename=;ProductName=;ProductVersion=1.0.0.0;Comments=</VerInfo_Keys>
    </PropertyGroup>
    <PropertyGroup Condition="'$(Base_Win64)'!=''">
        <DCC_UsePackage>IndyIPClient;AnyDAC_PhysADS_D18;AnyDAC_PhysODBC_D18;AnyDAC_GUIxForms_D18;DBXSqliteDriver;AnyDAC_ComI_D18;AnyDAC_PhysTDBX_D18;fmx;IndySystem;TeeDB;AnyDAC_PhysIB_D18;vclib;DBXInterBaseDriver;DataSnapClient;DataSnapCommon;DataSnapServer;DataSnapProviderClient;DBXSybaseASEDriver;DbxCommonDriver;vclimg;dbxcds;DatasnapConnectorsFreePascal;MetropolisUILiveTile;vcldb;vcldsnap;AnyDAC_PhysMSAcc_D18;DBXDb2Driver;DBXOracleDriver;CustomIPTransport;vclribbon;dsnap;IndyIPServer;AnyDAC_PhysPg_D18;fmxase;vcl;IndyCore;IndyIPCommon;CloudService;DBXMSSQLDriver;FmxTeeUI;AnyDAC_PhysMSSQL_D18;AnyDAC_PhysOracle_D18;inetdbxpress;webdsnap;AnyDAC_PhysMySQL_D18;adortl;AnyDAC_Phys_D18;AnyDAC_Comp_D18;bindcompfmx;rtl;dbrtl;DbxClientDriver;bindcomp;inetdb;Tee;DBXOdbcDriver;xmlrtl;ibxpress;IndyProtocols;DBXMySQLDriver;vclactnband;bindengine;soaprtl;bindcompdbx;FMXTee;TeeUI;bindcompvcl;vclie;vcltouch;AnyDAC_PhysASA_D18;VclSmp;DBXInformixDriver;Intraweb;DataSnapConnectors;dsnapcon;DBXFirebirdDriver;AnyDAC_PhysSQLITE_D18;inet;fmxobj;vclx;DBXSybaseASADriver;fmxdae;VirtualTreesR;dbexpress;DataSnapIndy10ServerTransport;AnyDAC_PhysDb2_D18;$(DCC_UsePackage)</DCC_UsePackage>
    </PropertyGroup>
    <PropertyGroup Condition="'$(Cfg_1)'!=''">
        <DCC_Define>DEBUG;$(DCC_Define)</DCC_Define>
        <DCC_DebugDCUs>true</DCC_DebugDCUs>
        <DCC_Optimize>false</DCC_Optimize>
        <DCC_GenerateStackFrames>true</DCC_GenerateStackFrames>
        <DCC_DebugInfoInExe>true</DCC_DebugInfoInExe>
        <DCC_RemoteDebug>true</DCC_RemoteDebug>
    </PropertyGroup>
    <PropertyGroup Condition="'$(Cfg_1_Win32)'!=''">
        <DCC_BplOutput>..\Package32D</DCC_BplOutput>
        <DCC_DcpOutput>..\Dcp32D</DCC_DcpOutput>
        <DCC_DcuOutput>..\Dcu32D</DCC_DcuOutput>
        <DCC_ExeOutput>..\Output32D</DCC_ExeOutput>
        <VerInfo_Build>28</VerInfo_Build>
        <VerInfo_Keys>CompanyName=;FileDescription=;FileVersion=1.0.0.28;InternalName=;LegalCopyright=;LegalTrademarks=;OriginalFilename=;ProductName=;ProductVersion=1.0.0.0;Comments=</VerInfo_Keys>
        <Debugger_HostApplication>D:\Users\ArvI\Docs\Docs\MI KSC RAS\calendar\Mineframe\Tasks\Developing\sometest\interval dll client\Project2.exe</Debugger_HostApplication>
        <VerInfo_Locale>1033</VerInfo_Locale>
        <DCC_RemoteDebug>false</DCC_RemoteDebug>
    </PropertyGroup>
    <PropertyGroup Condition="'$(Cfg_2)'!=''">
        <DCC_LocalDebugSymbols>false</DCC_LocalDebugSymbols>
        <DCC_Define>RELEASE;$(DCC_Define)</DCC_Define>
        <DCC_SymbolReferenceInfo>0</DCC_SymbolReferenceInfo>
        <DCC_DebugInformation>false</DCC_DebugInformation>
    </PropertyGroup>
    <PropertyGroup Condition="'$(Cfg_2_Win32)'!=''">
        <DCC_BplOutput>..\Package32R</DCC_BplOutput>
        <DCC_DcpOutput>..\Dcp32R</DCC_DcpOutput>
        <DCC_DcuOutput>..\Dcu32R</DCC_DcuOutput>
        <DCC_ExeOutput>..\Output32R</DCC_ExeOutput>
        <VerInfo_Locale>1033</VerInfo_Locale>
        <VerInfo_Build>34</VerInfo_Build>
        <VerInfo_Keys>CompanyName=Горный институт КНЦ РАН;FileDescription=Система автоматизированного планирования, проектирования и сопровождения горных работ;FileVersion=1.0.0.34;InternalName=pimcuci.dll;LegalCopyright=Горный институт КНЦ РАН;LegalTrademarks=;OriginalFilename=pimcuci.dll;ProductName=MINEFRAME SYSTEM;ProductVersion=7.0.0.0;Comments=</VerInfo_Keys>
    </PropertyGroup>
    <ItemGroup>
        <DelphiCompile Include="$(MainSource)">
            <MainSource>MainSource</MainSource>
        </DelphiCompile>
        <DCCReference Include="CalcInterval.pas">
            <Form>$WARN SYMBOL_PLATFORM DEFAULT</Form>
        </DCCReference>
        <DCCReference Include="IOTypes.pas"/>
        <DCCReference Include="ExportFunctions.pas"/>
        <DCCReference Include="ParamsCI.pas"/>
        <DCCReference Include="CheckInputSamples.pas"/>
        <DCCReference Include="IntervalClass.pas"/>
        <DCCReference Include="IntervalListClass.pas"/>
        <BuildConfiguration Include="Release">
            <Key>Cfg_2</Key>
            <CfgParent>Base</CfgParent>
        </BuildConfiguration>
        <BuildConfiguration Include="Base">
            <Key>Base</Key>
        </BuildConfiguration>
        <BuildConfiguration Include="Debug">
            <Key>Cfg_1</Key>
            <CfgParent>Base</CfgParent>
        </BuildConfiguration>
    </ItemGroup>
    <ProjectExtensions>
        <Borland.Personality>Delphi.Personality.12</Borland.Personality>
        <Borland.ProjectType/>
        <BorlandProject>
            <Delphi.Personality>
                <VersionInfo>
                    <VersionInfo Name="IncludeVerInfo">False</VersionInfo>
                    <VersionInfo Name="AutoIncBuild">False</VersionInfo>
                    <VersionInfo Name="MajorVer">1</VersionInfo>
                    <VersionInfo Name="MinorVer">0</VersionInfo>
                    <VersionInfo Name="Release">0</VersionInfo>
                    <VersionInfo Name="Build">0</VersionInfo>
                    <VersionInfo Name="Debug">False</VersionInfo>
                    <VersionInfo Name="PreRelease">False</VersionInfo>
                    <VersionInfo Name="Special">False</VersionInfo>
                    <VersionInfo Name="Private">False</VersionInfo>
                    <VersionInfo Name="DLL">False</VersionInfo>
                    <VersionInfo Name="Locale">1049</VersionInfo>
                    <VersionInfo Name="CodePage">1251</VersionInfo>
                </VersionInfo>
                <VersionInfoKeys>
                    <VersionInfoKeys Name="CompanyName"/>
                    <VersionInfoKeys Name="FileDescription"/>
                    <VersionInfoKeys Name="FileVersion">1.0.0.0</VersionInfoKeys>
                    <VersionInfoKeys Name="InternalName"/>
                    <VersionInfoKeys Name="LegalCopyright"/>
                    <VersionInfoKeys Name="LegalTrademarks"/>
                    <VersionInfoKeys Name="OriginalFilename"/>
                    <VersionInfoKeys Name="ProductName"/>
                    <VersionInfoKeys Name="ProductVersion">1.0.0.0</VersionInfoKeys>
                    <VersionInfoKeys Name="Comments"/>
                    <VersionInfoKeys Name="CFBundleName"/>
                    <VersionInfoKeys Name="CFBundleDisplayName"/>
                    <VersionInfoKeys Name="UIDeviceFamily"/>
                    <VersionInfoKeys Name="CFBundleIdentifier"/>
                    <VersionInfoKeys Name="CFBundleVersion"/>
                    <VersionInfoKeys Name="CFBundlePackageType"/>
                    <VersionInfoKeys Name="CFBundleSignature"/>
                    <VersionInfoKeys Name="CFBundleAllowMixedLocalizations"/>
                    <VersionInfoKeys Name="UISupportedInterfaceOrientations"/>
                    <VersionInfoKeys Name="CFBundleExecutable"/>
                    <VersionInfoKeys Name="CFBundleResourceSpecification"/>
                    <VersionInfoKeys Name="LSRequiresIPhoneOS"/>
                    <VersionInfoKeys Name="CFBundleInfoDictionaryVersion"/>
                    <VersionInfoKeys Name="CFBundleDevelopmentRegion"/>
                </VersionInfoKeys>
                <Source>
                    <Source Name="MainSource">gkz_ci.dpr</Source>
                </Source>
                <Excluded_Packages>
                    <Excluded_Packages Name="$(BDSBIN)\dcloffice2k180.bpl">Microsoft Office 2000 Sample Automation Server Wrapper Components</Excluded_Packages>
                    <Excluded_Packages Name="$(BDSBIN)\dclofficexp180.bpl">Microsoft Office XP Sample Automation Server Wrapper Components</Excluded_Packages>
                </Excluded_Packages>
            </Delphi.Personality>
            <Deployment/>
            <Platforms>
                <Platform value="OSX32">False</Platform>
                <Platform value="Win32">True</Platform>
                <Platform value="Win64">False</Platform>
            </Platforms>
            <UnitTesting>
                <TestProjectName>D:\MineframeSys\CIppgho\Test\pimcuciTests.dproj</TestProjectName>
            </UnitTesting>
            <ModelSupport>False</ModelSupport>
        </BorlandProject>
        <ProjectFileVersion>12</ProjectFileVersion>
    </ProjectExtensions>
    <Import Project="$(BDS)\Bin\CodeGear.Delphi.Targets" Condition="Exists('$(BDS)\Bin\CodeGear.Delphi.Targets')"/>
    <Import Project="$(APPDATA)\Embarcadero\$(BDSAPPDATABASEDIR)\$(PRODUCTVERSION)\UserTools.proj" Condition="Exists('$(APPDATA)\Embarcadero\$(BDSAPPDATABASEDIR)\$(PRODUCTVERSION)\UserTools.proj')"/>
</Project>

<!-- EurekaLog First Line
[Exception Log]
EurekaLog Version=7007
Activate=0
DeleteMapAfterCompile=0
edoShowDetailsButton=0
edoShowInTopMostMode=1
edoUseRealName=1
Encrypt Password=""
idMSClassic=1
loAddComputerNameInLogFileName=1
loAddDateInLogFileName=1
ProjectID="{463C7538-37CF-489D-85B8-BAC217C3939C}"
Sender Classes="TELMailSMTPServerSender;TELMailShellSender"
seSMTP=1
sndShellRecepient="mineframe.system@yandex.ru"
sndSMTPServerFrom="bug@mineframe.ru"
sndSMTPServerTarget="mineframe.system@yandex.ru"
soActCtlsControlClass=1
soActCtlsControlText=1
soActCtlsFormClass=1
soActCtlsFormText=1
soAppCompilationDate=1
soAppName=1
soAppParameters=1
soAppStartDate=1
soAppUpTime=1
soAppVersionNumber=1
soCmpDisplayMode=1
soCmpFreeMemory=1
soCmpName=1
soCmpProcessor=1
soCmpSysUpTime=1
soCmpTotalMemory=1
soCmpVideoCard=1
soCmpVM=1
soExcDate=1
soExcModuleName=1
soExcModuleVersion=1
soExcNote=1
soExcStatus=1
soNetDHCP=1
soNetDNS1=1
soNetDNS2=1
soNetGateway=1
soNetIP=1
soNetSubmask=1
soOSBuildN=1
soOSCharset=1
soOSInstallLanguage=1
soOSLanguage=1
soOSType=1
soOSUILanguage=1
soOSUpdate=1
soUserCompany=1
soUserPrivileges=1
TerminateBtn Checked=0
TextsCollection="Russian"
EurekaLog Last Line -->
